
Microsoft Visual Studio Solution File, Format Version 12.00
# Visual Studio Version 17
VisualStudioVersion = 17.3.32922.545
MinimumVisualStudioVersion = 10.0.40219.1
Project("{FAE04EC0-301F-11D3-BF4B-00C04F79EFBC}") = "GolfBAIST_Project", "GolfBAIST_Project.csproj", "{681745A4-F6F2-49C5-982E-22E338B5D1BC}"
EndProject
Global
	GlobalSection(SolutionConfigurationPlatforms) = preSolution
		Debug|Any CPU = Debug|Any CPU
		Release|Any CPU = Release|Any CPU
	EndGlobalSection
	GlobalSection(ProjectConfigurationPlatforms) = postSolution
		{681745A4-F6F2-49C5-982E-22E338B5D1BC}.Debug|Any CPU.ActiveCfg = Debug|Any CPU
		{681745A4-F6F2-49C5-982E-22E338B5D1BC}.Debug|Any CPU.Build.0 = Debug|Any CPU
		{681745A4-F6F2-49C5-982E-22E338B5D1BC}.Release|Any CPU.ActiveCfg = Release|Any CPU
		{681745A4-F6F2-49C5-982E-22E338B5D1BC}.Release|Any CPU.Build.0 = Release|Any CPU
	EndGlobalSection
	GlobalSection(SolutionProperties) = preSolution
		HideSolutionNode = FALSE
	EndGlobalSection
	GlobalSection(ExtensibilityGlobals) = postSolution
		SolutionGuid = {A9267B8E-90BC-4083-95AD-61A8A544190A}
	EndGlobalSection
EndGlobal
