
Microsoft Visual Studio Solution File, Format Version 12.00
# Visual Studio Version 17
VisualStudioVersion = 17.3.32922.545
MinimumVisualStudioVersion = 10.0.40219.1
Project("{FAE04EC0-301F-11D3-BF4B-00C04F79EFBC}") = "BAISTGolf_Project", "BAISTGolf_Project.csproj", "{99BE6EFC-CE6E-4310-99F7-3C4868BB2D75}"
EndProject
Global
	GlobalSection(SolutionConfigurationPlatforms) = preSolution
		Debug|Any CPU = Debug|Any CPU
		Release|Any CPU = Release|Any CPU
	EndGlobalSection
	GlobalSection(ProjectConfigurationPlatforms) = postSolution
		{99BE6EFC-CE6E-4310-99F7-3C4868BB2D75}.Debug|Any CPU.ActiveCfg = Debug|Any CPU
		{99BE6EFC-CE6E-4310-99F7-3C4868BB2D75}.Debug|Any CPU.Build.0 = Debug|Any CPU
		{99BE6EFC-CE6E-4310-99F7-3C4868BB2D75}.Release|Any CPU.ActiveCfg = Release|Any CPU
		{99BE6EFC-CE6E-4310-99F7-3C4868BB2D75}.Release|Any CPU.Build.0 = Release|Any CPU
	EndGlobalSection
	GlobalSection(SolutionProperties) = preSolution
		HideSolutionNode = FALSE
	EndGlobalSection
	GlobalSection(ExtensibilityGlobals) = postSolution
		SolutionGuid = {27F4DC46-D6D9-4C6E-92BC-B209CB2A28E4}
	EndGlobalSection
EndGlobal
